<?xml version="1.0" encoding="utf-8"?>
<Project ToolsVersion="4.0" xmlns="http://schemas.microsoft.com/developer/msbuild/2003">
  <ItemGroup>
    <Filter Include="Quelldateien">
      <UniqueIdentifier>{4FC737F1-C7A5-4376-A066-2A32D752A2FF}</UniqueIdentifier>
      <Extensions>cpp;c;cc;cxx;c++;cppm;ixx;def;odl;idl;hpj;bat;asm;asmx</Extensions>
    </Filter>
    <Filter Include="Headerdateien">
      <UniqueIdentifier>{93995380-89BD-4b04-88EB-625FBE52EBFB}</UniqueIdentifier>
      <Extensions>h;hh;hpp;hxx;h++;hm;inl;inc;ipp;xsd</Extensions>
    </Filter>
    <Filter Include="Ressourcendateien">
      <UniqueIdentifier>{67DA6AB6-F800-4c08-8B7A-83BB121AAD01}</UniqueIdentifier>
      <Extensions>rc;ico;cur;bmp;dlg;rc2;rct;bin;rgs;gif;jpg;jpeg;jpe;resx;tiff;tif;png;wav;mfcribbon-ms</Extensions>
    </Filter>
    <Filter Include="Headerdateien\Exercise 2 %28naive%29">
      <UniqueIdentifier>{3b2bc96f-2e9b-46d9-97cd-c15804c0c20b}</UniqueIdentifier>
    </Filter>
    <Filter Include="Quelldateien\Exercise 2 %28naive%29">
      <UniqueIdentifier>{d5028fbe-e3eb-47ae-97c4-ffa112c2904c}</UniqueIdentifier>
    </Filter>
    <Filter Include="Quelldateien\Exercise 2 %28log%29">
      <UniqueIdentifier>{8d5f057d-271c-4d67-8f23-5dd35e5bed5d}</UniqueIdentifier>
    </Filter>
    <Filter Include="Quelldateien\Exercise 1">
      <UniqueIdentifier>{b77f1bd9-76f5-488c-bcee-767c2a50a7f5}</UniqueIdentifier>
    </Filter>
    <Filter Include="Headerdateien\Exercise 1">
      <UniqueIdentifier>{f636c2b3-2cb7-4ab1-9a0d-6b089dc51fd0}</UniqueIdentifier>
    </Filter>
    <Filter Include="Headerdateien\Exercise 2 %28log%29">
      <UniqueIdentifier>{fc23db3f-cafa-46b7-8e58-6dac8006c860}</UniqueIdentifier>
    </Filter>
    <Filter Include="Headerdateien\Exercise 2">
      <UniqueIdentifier>{5db51a08-8190-4856-9c9e-42c181d02f09}</UniqueIdentifier>
    </Filter>
    <Filter Include="Quelldateien\Exercise 2">
      <UniqueIdentifier>{de998d1e-9b2c-4944-8ac5-c203d26620cc}</UniqueIdentifier>
    </Filter>
  </ItemGroup>
  <ItemGroup>
    <ClCompile Include="AdvancedDataStructures.cpp">
      <Filter>Quelldateien</Filter>
    </ClCompile>
    <ClCompile Include="BST.cpp">
      <Filter>Quelldateien\Exercise 1</Filter>
    </ClCompile>
    <ClCompile Include="Node.cpp">
      <Filter>Quelldateien\Exercise 1</Filter>
    </ClCompile>
    <ClCompile Include="TrieNode.cpp">
      <Filter>Quelldateien\Exercise 1</Filter>
    </ClCompile>
    <ClCompile Include="YTrie.cpp">
      <Filter>Quelldateien\Exercise 1</Filter>
    </ClCompile>
    <ClCompile Include="NaiveRMQ.cpp">
      <Filter>Quelldateien\Exercise 2 %28naive%29</Filter>
    </ClCompile>
    <ClCompile Include="LogRMQ.cpp">
      <Filter>Quelldateien\Exercise 2 %28log%29</Filter>
    </ClCompile>
    <ClCompile Include="CartesianGenerator.cpp">
      <Filter>Quelldateien\Exercise 2</Filter>
    </ClCompile>
    <ClCompile Include="CartesianRMQ.cpp">
      <Filter>Quelldateien\Exercise 2</Filter>
    </ClCompile>
    <ClCompile Include="CartesianNode.cpp">
      <Filter>Quelldateien\Exercise 2</Filter>
    </ClCompile>
    <ClCompile Include="CartesianTree.cpp">
      <Filter>Quelldateien\Exercise 2</Filter>
    </ClCompile>
  </ItemGroup>
  <ItemGroup>
    <ClInclude Include="YTrie.h">
      <Filter>Headerdateien\Exercise 1</Filter>
    </ClInclude>
    <ClInclude Include="TrieNode.h">
      <Filter>Headerdateien\Exercise 1</Filter>
    </ClInclude>
    <ClInclude Include="Node.h">
      <Filter>Headerdateien\Exercise 1</Filter>
    </ClInclude>
    <ClInclude Include="BST.h">
      <Filter>Headerdateien\Exercise 1</Filter>
    </ClInclude>
    <ClInclude Include="NaiveRMQ.h">
      <Filter>Headerdateien\Exercise 2 %28naive%29</Filter>
    </ClInclude>
    <ClInclude Include="LogRMQ.h">
      <Filter>Headerdateien\Exercise 2 %28log%29</Filter>
    </ClInclude>
    <ClInclude Include="CartesianRMQ.h">
      <Filter>Headerdateien\Exercise 2</Filter>
    </ClInclude>
    <ClInclude Include="CartesianGenerator.h">
      <Filter>Headerdateien\Exercise 2</Filter>
    </ClInclude>
    <ClInclude Include="CartesianNode.h">
      <Filter>Headerdateien\Exercise 2</Filter>
    </ClInclude>
    <ClInclude Include="CartesianTree.h">
      <Filter>Headerdateien\Exercise 2</Filter>
    </ClInclude>
  </ItemGroup>
</Project>